
Microsoft Visual Studio Solution File, Format Version 12.00
# Visual Studio 15
VisualStudioVersion = 15.0.27703.2042
MinimumVisualStudioVersion = 10.0.40219.1
Project("{FAE04EC0-301F-11D3-BF4B-00C04F79EFBC}") = "SOFT152_Coursework", "SOFT152_Coursework\SOFT152_Coursework.csproj", "{78678C02-795C-4ED6-95A1-BF51898CC97F}"
EndProject
Global
	GlobalSection(SolutionConfigurationPlatforms) = preSolution
		Debug|Any CPU = Debug|Any CPU
		Release|Any CPU = Release|Any CPU
	EndGlobalSection
	GlobalSection(ProjectConfigurationPlatforms) = postSolution
		{78678C02-795C-4ED6-95A1-BF51898CC97F}.Debug|Any CPU.ActiveCfg = Debug|Any CPU
		{78678C02-795C-4ED6-95A1-BF51898CC97F}.Debug|Any CPU.Build.0 = Debug|Any CPU
		{78678C02-795C-4ED6-95A1-BF51898CC97F}.Release|Any CPU.ActiveCfg = Release|Any CPU
		{78678C02-795C-4ED6-95A1-BF51898CC97F}.Release|Any CPU.Build.0 = Release|Any CPU
	EndGlobalSection
	GlobalSection(SolutionProperties) = preSolution
		HideSolutionNode = FALSE
	EndGlobalSection
	GlobalSection(ExtensibilityGlobals) = postSolution
		SolutionGuid = {5F15BCF2-78BC-4BA7-89D4-5CF6A4D1D385}
	EndGlobalSection
EndGlobal
